PODS:
  - ObjcExceptionBridging (1.0.1):
    - ObjcExceptionBridging/ObjcExceptionBridging (= 1.0.1)
  - ObjcExceptionBridging/ObjcExceptionBridging (1.0.1)
  - Realm (3.1.1):
    - Realm/Headers (= 3.1.1)
  - Realm/Headers (3.1.1)
  - RealmSwift (3.1.1):
    - Realm (= 3.1.1)
  - Simple-KeychainSwift (4.0.1)
  - SnapKit (3.2.0)
  - XCGLogger (5.0.5):
    - XCGLogger/Core (= 5.0.5)
  - XCGLogger/Core (5.0.5):
    - ObjcExceptionBridging

DEPENDENCIES:
  - RealmSwift
  - Simple-KeychainSwift
  - SnapKit (~> 3.2.0)
  - XCGLogger (~> 5.0.5)

SPEC CHECKSUMS:
  ObjcExceptionBridging: c30e00eb3700467e695faeea30e26e18bd445001
  Realm: 42d1c38a5b1bbcc828b48a7ce702cb86fc68adf4
  RealmSwift: d31937ca6a6ee54acde64ec839523c0a3c04924b
  Simple-KeychainSwift: b13dbd5a2ef596892dab650478d02a341a996bac
  SnapKit: 1ca44df72cfa543218d177cb8aab029d10d86ea7
  XCGLogger: 49bceee6dc0c738eae5d6454fdbf800d62256b74

PODFILE CHECKSUM: b0720d2fe33b320760cb3d72dc866c948f8c3109

COCOAPODS: 1.4.0
